
Microsoft Visual Studio Solution File, Format Version 12.00
# Visual Studio Version 16
VisualStudioVersion = 25.0.1706.10
MinimumVisualStudioVersion = 10.0.40219.1
Project("{FAE04EC0-301F-11D3-BF4B-00C04F79EFBC}") = "KPO_KR", "KPO_KR\KPO_KR.csproj", "{35A50607-EEA7-49B0-97A1-D49125F0B2F5}"
EndProject
Global
	GlobalSection(SolutionConfigurationPlatforms) = preSolution
		Debug|Any CPU = Debug|Any CPU
		Release|Any CPU = Release|Any CPU
	EndGlobalSection
	GlobalSection(ProjectConfigurationPlatforms) = postSolution
		{35A50607-EEA7-49B0-97A1-D49125F0B2F5}.Debug|Any CPU.ActiveCfg = Debug|Any CPU
		{35A50607-EEA7-49B0-97A1-D49125F0B2F5}.Debug|Any CPU.Build.0 = Debug|Any CPU
		{35A50607-EEA7-49B0-97A1-D49125F0B2F5}.Release|Any CPU.ActiveCfg = Release|Any CPU
		{35A50607-EEA7-49B0-97A1-D49125F0B2F5}.Release|Any CPU.Build.0 = Release|Any CPU
	EndGlobalSection
	GlobalSection(SolutionProperties) = preSolution
		HideSolutionNode = FALSE
	EndGlobalSection
	GlobalSection(ExtensibilityGlobals) = postSolution
		SolutionGuid = {74FC3EFB-9248-4E68-8429-7C8C7E757691}
	EndGlobalSection
EndGlobal
